// !$*UTF8*$!
{
	archiveVersion = 1;
	classes = {
	};
	objectVersion = 56;
	objects = {

/* Begin PBXBuildFile section */
		79B00D1E506C95798EC2D385 /* Quote.swift in Sources */ = {isa = PBXBuildFile; fileRef = D82743B35C12581B986661F4 /* Quote.swift */; };
		D68FF737E0A44D31581EFBD4 /* Stock.swift in Sources */ = {isa = PBXBuildFile; fileRef = 1A6C6F6D62E54754DA2F2A35 /* Stock.swift */; };
		A257141BF01B9C463957E5CB /* Secrets.swift in Sources */ = {isa = PBXBuildFile; fileRef = 5F01621E8148786544E9603F /* Secrets.swift */; };
		16DCFE3B164A4B6F789155FB /* FinnhubClient.swift in Sources */ = {isa = PBXBuildFile; fileRef = C3CFB15AE5AABF26DC305CDF /* FinnhubClient.swift */; };
		FEF36701A501B41912D25407 /* MarketClock.swift in Sources */ = {isa = PBXBuildFile; fileRef = AC64C99FB6641F1DA8B19FC9 /* MarketClock.swift */; };
		FCBADEE8F97107C469E05E2D /* StockWatchApp.swift in Sources */ = {isa = PBXBuildFile; fileRef = 718402B6277629770C45752E /* StockWatchApp.swift */; };
		4E54036F62076B47AB1522EA /* QuoteStore.swift in Sources */ = {isa = PBXBuildFile; fileRef = E8307A47E0A0B0C33E090B87 /* QuoteStore.swift */; };
		77593201FDD40F7C40B6B030 /* ContentView.swift in Sources */ = {isa = PBXBuildFile; fileRef = 68ABBBA3718C0BB762BCA03D /* ContentView.swift */; };
		09F50098F5F30B944A8B8E44 /* StockCardView.swift in Sources */ = {isa = PBXBuildFile; fileRef = 09705B503D669C6FBC88E113 /* StockCardView.swift */; };
		B20563F92186107432B091DE /* Theme.swift in Sources */ = {isa = PBXBuildFile; fileRef = C1F0D8B2D9EF09C62BF078B5 /* Theme.swift */; };
		DB249DB9D0FF833647E29581 /* Assets.xcassets in Resources */ = {isa = PBXBuildFile; fileRef = 6F9973165E2B0FD4A3AAC566 /* Assets.xcassets */; };
		94FB38AFB262518407CA6589 /* CoinGeckoClient.swift in Sources */ = {isa = PBXBuildFile; fileRef = E601BA123C6BCB8E09B9C52D /* CoinGeckoClient.swift */; };
/* End PBXBuildFile section */

/* Begin PBXFileReference section */
		2029A639DD8022543C17416B /* StockWatch.app */ = {isa = PBXFileReference; explicitFileType = wrapper.application; includeInIndex = 0; path = StockWatch.app; sourceTree = BUILT_PRODUCTS_DIR; };
		D82743B35C12581B986661F4 /* Quote.swift */ = {isa = PBXFileReference; lastKnownFileType = sourcecode.swift; path = Quote.swift; sourceTree = "<group>"; };
		1A6C6F6D62E54754DA2F2A35 /* Stock.swift */ = {isa = PBXFileReference; lastKnownFileType = sourcecode.swift; path = Stock.swift; sourceTree = "<group>"; };
		5F01621E8148786544E9603F /* Secrets.swift */ = {isa = PBXFileReference; lastKnownFileType = sourcecode.swift; path = Secrets.swift; sourceTree = "<group>"; };
		C3CFB15AE5AABF26DC305CDF /* FinnhubClient.swift */ = {isa = PBXFileReference; lastKnownFileType = sourcecode.swift; path = FinnhubClient.swift; sourceTree = "<group>"; };
		AC64C99FB6641F1DA8B19FC9 /* MarketClock.swift */ = {isa = PBXFileReference; lastKnownFileType = sourcecode.swift; path = MarketClock.swift; sourceTree = "<group>"; };
		718402B6277629770C45752E /* StockWatchApp.swift */ = {isa = PBXFileReference; lastKnownFileType = sourcecode.swift; path = StockWatchApp.swift; sourceTree = "<group>"; };
		E8307A47E0A0B0C33E090B87 /* QuoteStore.swift */ = {isa = PBXFileReference; lastKnownFileType = sourcecode.swift; path = QuoteStore.swift; sourceTree = "<group>"; };
		68ABBBA3718C0BB762BCA03D /* ContentView.swift */ = {isa = PBXFileReference; lastKnownFileType = sourcecode.swift; path = ContentView.swift; sourceTree = "<group>"; };
		09705B503D669C6FBC88E113 /* StockCardView.swift */ = {isa = PBXFileReference; lastKnownFileType = sourcecode.swift; path = StockCardView.swift; sourceTree = "<group>"; };
		C1F0D8B2D9EF09C62BF078B5 /* Theme.swift */ = {isa = PBXFileReference; lastKnownFileType = sourcecode.swift; path = Theme.swift; sourceTree = "<group>"; };
		6F9973165E2B0FD4A3AAC566 /* Assets.xcassets */ = {isa = PBXFileReference; lastKnownFileType = folder.assetcatalog; path = Assets.xcassets; sourceTree = "<group>"; };
		13EBF53C97796A7B6D8673EB /* Info.plist */ = {isa = PBXFileReference; lastKnownFileType = text.plist.xml; path = Info.plist; sourceTree = "<group>"; };
		E601BA123C6BCB8E09B9C52D /* CoinGeckoClient.swift */ = {isa = PBXFileReference; lastKnownFileType = sourcecode.swift; path = CoinGeckoClient.swift; sourceTree = "<group>"; };
/* End PBXFileReference section */

/* Begin PBXFrameworksBuildPhase section */
		424153ED3CD079DB4DB459AF /* Frameworks */ = {
			isa = PBXFrameworksBuildPhase;
			buildActionMask = 2147483647;
			files = (
			);
			runOnlyForDeploymentPostprocessing = 0;
		};
/* End PBXFrameworksBuildPhase section */

/* Begin PBXGroup section */
		A1C86A29E589D48EC70B6A32 /* Models */ = {
			isa = PBXGroup;
			children = (
				D82743B35C12581B986661F4 /* Quote.swift */,
				1A6C6F6D62E54754DA2F2A35 /* Stock.swift */,
			);
			path = Models;
			sourceTree = "<group>";
		};
		609874F33224C0C09F1FEE42 /* Services */ = {
			isa = PBXGroup;
			children = (
				E601BA123C6BCB8E09B9C52D /* CoinGeckoClient.swift */,
				C3CFB15AE5AABF26DC305CDF /* FinnhubClient.swift */,
				AC64C99FB6641F1DA8B19FC9 /* MarketClock.swift */,
			);
			path = Services;
			sourceTree = "<group>";
		};
		84CF25C76D64DAA0B536E4A0 /* Store */ = {
			isa = PBXGroup;
			children = (
				E8307A47E0A0B0C33E090B87 /* QuoteStore.swift */,
			);
			path = Store;
			sourceTree = "<group>";
		};
		38DF21AEF4612506D6BE5CBE /* Views */ = {
			isa = PBXGroup;
			children = (
				68ABBBA3718C0BB762BCA03D /* ContentView.swift */,
				09705B503D669C6FBC88E113 /* StockCardView.swift */,
				C1F0D8B2D9EF09C62BF078B5 /* Theme.swift */,
			);
			path = Views;
			sourceTree = "<group>";
		};
		B757CA171FFDE63B7C4F4B9D /* StockWatch */ = {
			isa = PBXGroup;
			children = (
				A1C86A29E589D48EC70B6A32 /* Models */,
				609874F33224C0C09F1FEE42 /* Services */,
				84CF25C76D64DAA0B536E4A0 /* Store */,
				38DF21AEF4612506D6BE5CBE /* Views */,
				5F01621E8148786544E9603F /* Secrets.swift */,
				718402B6277629770C45752E /* StockWatchApp.swift */,
				6F9973165E2B0FD4A3AAC566 /* Assets.xcassets */,
				13EBF53C97796A7B6D8673EB /* Info.plist */,
			);
			path = StockWatch;
			sourceTree = "<group>";
		};
		2F3A6B1E78F896718625FF06 /* Products */ = {
			isa = PBXGroup;
			children = (
				2029A639DD8022543C17416B /* StockWatch.app */,
			);
			sourceTree = "<group>";
		};
		B9340614599AB78F485950C7 /* root */ = {
			isa = PBXGroup;
			children = (
				B757CA171FFDE63B7C4F4B9D /* StockWatch */,
				2F3A6B1E78F896718625FF06 /* Products */,
			);
			sourceTree = "<group>";
		};
/* End PBXGroup section */

/* Begin PBXNativeTarget section */
		42AEFBAE01D2DFD981F7DA7D /* StockWatch */ = {
			isa = PBXNativeTarget;
			buildConfigurationList = F2F62AAE534BA46EC59716F3 /* Build configuration list for PBXNativeTarget "StockWatch" */;
			buildPhases = (
				7A70D71C385290AF96BF1031 /* Sources */,
				424153ED3CD079DB4DB459AF /* Frameworks */,
				285BB1C1430063331E9F5DD0 /* Resources */,
			);
			buildRules = (
			);
			dependencies = (
			);
			name = StockWatch;
			productName = StockWatch;
			productReference = 2029A639DD8022543C17416B /* StockWatch.app */;
			productType = "com.apple.product-type.application";
		};
/* End PBXNativeTarget section */

/* Begin PBXProject section */
		46F86FAA6BBF9AC94A7E4595 /* Project object */ = {
			isa = PBXProject;
			attributes = {
				BuildIndependentTargetsInParallel = 1;
				LastSwiftUpdateCheck = 1500;
				LastUpgradeCheck = 1500;
				TargetAttributes = {
					42AEFBAE01D2DFD981F7DA7D = {
						CreatedOnToolsVersion = 15.0;
					};
				};
			};
			buildConfigurationList = 7EF2517A8FE63F4681EC5EEA /* Build configuration list for PBXProject "StockWatch" */;
			compatibilityVersion = "Xcode 14.0";
			developmentRegion = en;
			hasScannedForEncodings = 0;
			knownRegions = (
				en,
				Base,
			);
			mainGroup = B9340614599AB78F485950C7;
			productRefGroup = 2F3A6B1E78F896718625FF06 /* Products */;
			projectDirPath = "";
			projectRoot = "";
			targets = (
				42AEFBAE01D2DFD981F7DA7D /* StockWatch */,
			);
		};
/* End PBXProject section */

/* Begin PBXResourcesBuildPhase section */
		285BB1C1430063331E9F5DD0 /* Resources */ = {
			isa = PBXResourcesBuildPhase;
			buildActionMask = 2147483647;
			files = (
				DB249DB9D0FF833647E29581 /* Assets.xcassets in Resources */,
			);
			runOnlyForDeploymentPostprocessing = 0;
		};
/* End PBXResourcesBuildPhase section */

/* Begin PBXSourcesBuildPhase section */
		7A70D71C385290AF96BF1031 /* Sources */ = {
			isa = PBXSourcesBuildPhase;
			buildActionMask = 2147483647;
			files = (
				79B00D1E506C95798EC2D385 /* Quote.swift in Sources */,
				D68FF737E0A44D31581EFBD4 /* Stock.swift in Sources */,
				A257141BF01B9C463957E5CB /* Secrets.swift in Sources */,
				94FB38AFB262518407CA6589 /* CoinGeckoClient.swift in Sources */,
				16DCFE3B164A4B6F789155FB /* FinnhubClient.swift in Sources */,
				FEF36701A501B41912D25407 /* MarketClock.swift in Sources */,
				FCBADEE8F97107C469E05E2D /* StockWatchApp.swift in Sources */,
				4E54036F62076B47AB1522EA /* QuoteStore.swift in Sources */,
				77593201FDD40F7C40B6B030 /* ContentView.swift in Sources */,
				09F50098F5F30B944A8B8E44 /* StockCardView.swift in Sources */,
				B20563F92186107432B091DE /* Theme.swift in Sources */,
			);
			runOnlyForDeploymentPostprocessing = 0;
		};
/* End PBXSourcesBuildPhase section */

/* Begin XCBuildConfiguration section */
		969595A508627F35A110362C /* Debug */ = {
			isa = XCBuildConfiguration;
			buildSettings = {
				ALWAYS_SEARCH_USER_PATHS = NO;
				CLANG_ANALYZER_NONNULL = YES;
				CLANG_ENABLE_MODULES = YES;
				CLANG_ENABLE_OBJC_ARC = YES;
				COPY_PHASE_STRIP = NO;
				ENABLE_STRICT_OBJC_MSGSEND = YES;
				ENABLE_USER_SCRIPT_SANDBOXING = YES;
				GCC_C_LANGUAGE_STANDARD = gnu17;
				GCC_NO_COMMON_BLOCKS = YES;
				MTL_FAST_MATH = YES;
				SDKROOT = watchos;
				SWIFT_VERSION = 5.0;
				WATCHOS_DEPLOYMENT_TARGET = 10.0;
				DEBUG_INFORMATION_FORMAT = dwarf;
				ENABLE_TESTABILITY = YES;
				GCC_OPTIMIZATION_LEVEL = 0;
				GCC_PREPROCESSOR_DEFINITIONS = (
					"DEBUG=1",
					"$(inherited)",
				);
				MTL_ENABLE_DEBUG_INFO = INCLUDE_SOURCE;
				ONLY_ACTIVE_ARCH = YES;
				SWIFT_ACTIVE_COMPILATION_CONDITIONS = "DEBUG $(inherited)";
				SWIFT_OPTIMIZATION_LEVEL = "-Onone";
			};
			name = Debug;
		};
		4C95F91A6D5CD87BB5DB8FDD /* Release */ = {
			isa = XCBuildConfiguration;
			buildSettings = {
				ALWAYS_SEARCH_USER_PATHS = NO;
				CLANG_ANALYZER_NONNULL = YES;
				CLANG_ENABLE_MODULES = YES;
				CLANG_ENABLE_OBJC_ARC = YES;
				COPY_PHASE_STRIP = NO;
				ENABLE_STRICT_OBJC_MSGSEND = YES;
				ENABLE_USER_SCRIPT_SANDBOXING = YES;
				GCC_C_LANGUAGE_STANDARD = gnu17;
				GCC_NO_COMMON_BLOCKS = YES;
				MTL_FAST_MATH = YES;
				SDKROOT = watchos;
				SWIFT_VERSION = 5.0;
				WATCHOS_DEPLOYMENT_TARGET = 10.0;
				DEBUG_INFORMATION_FORMAT = "dwarf-with-dsym";
				ENABLE_NS_ASSERTIONS = NO;
				MTL_ENABLE_DEBUG_INFO = NO;
				SWIFT_COMPILATION_MODE = wholemodule;
				VALIDATE_PRODUCT = YES;
			};
			name = Release;
		};
		A3FD2624D90AA76C1E18FB70 /* Debug */ = {
			isa = XCBuildConfiguration;
			buildSettings = {
				ASSETCATALOG_COMPILER_APPICON_NAME = AppIcon;
				ASSETCATALOG_COMPILER_GLOBAL_ACCENT_COLOR_NAME = AccentColor;
				CODE_SIGN_STYLE = Automatic;
				CURRENT_PROJECT_VERSION = 1;
				ENABLE_PREVIEWS = YES;
				GENERATE_INFOPLIST_FILE = NO;
				INFOPLIST_FILE = StockWatch/Info.plist;
				LD_RUNPATH_SEARCH_PATHS = (
					"$(inherited)",
					"@executable_path/Frameworks",
				);
				MARKETING_VERSION = 1.0;
				PRODUCT_BUNDLE_IDENTIFIER = com.przemekzajac.StockWatch.watchkitapp;
				PRODUCT_NAME = "$(TARGET_NAME)";
				SWIFT_EMIT_LOC_STRINGS = YES;
				TARGETED_DEVICE_FAMILY = 4;
			};
			name = Debug;
		};
		CB4CAEBFF1A865FD02635BC0 /* Release */ = {
			isa = XCBuildConfiguration;
			buildSettings = {
				ASSETCATALOG_COMPILER_APPICON_NAME = AppIcon;
				ASSETCATALOG_COMPILER_GLOBAL_ACCENT_COLOR_NAME = AccentColor;
				CODE_SIGN_STYLE = Automatic;
				CURRENT_PROJECT_VERSION = 1;
				ENABLE_PREVIEWS = YES;
				GENERATE_INFOPLIST_FILE = NO;
				INFOPLIST_FILE = StockWatch/Info.plist;
				LD_RUNPATH_SEARCH_PATHS = (
					"$(inherited)",
					"@executable_path/Frameworks",
				);
				MARKETING_VERSION = 1.0;
				PRODUCT_BUNDLE_IDENTIFIER = com.przemekzajac.StockWatch.watchkitapp;
				PRODUCT_NAME = "$(TARGET_NAME)";
				SWIFT_EMIT_LOC_STRINGS = YES;
				TARGETED_DEVICE_FAMILY = 4;
			};
			name = Release;
		};
/* End XCBuildConfiguration section */

/* Begin XCConfigurationList section */
		7EF2517A8FE63F4681EC5EEA /* Build configuration list for PBXProject "StockWatch" */ = {
			isa = XCConfigurationList;
			buildConfigurations = (
				969595A508627F35A110362C /* Debug */,
				4C95F91A6D5CD87BB5DB8FDD /* Release */,
			);
			defaultConfigurationIsVisible = 0;
			defaultConfigurationName = Release;
		};
		F2F62AAE534BA46EC59716F3 /* Build configuration list for PBXNativeTarget "StockWatch" */ = {
			isa = XCConfigurationList;
			buildConfigurations = (
				A3FD2624D90AA76C1E18FB70 /* Debug */,
				CB4CAEBFF1A865FD02635BC0 /* Release */,
			);
			defaultConfigurationIsVisible = 0;
			defaultConfigurationName = Release;
		};
/* End XCConfigurationList section */
	};
	rootObject = 46F86FAA6BBF9AC94A7E4595 /* Project object */;
}
